
Microsoft Visual Studio Solution File, Format Version 12.00
# Visual Studio 2012
Project("{FAE04EC0-301F-11D3-BF4B-00C04F79EFBC}") = "Complex.Domino.Git", "src\Complex.Domino.Git\Complex.Domino.Git.csproj", "{FCAB1DBF-DF10-4DCD-A5D6-2835CCDDAE09}"
EndProject
Project("{2150E333-8FDC-42A3-9474-1A3956D46DE8}") = "Src", "Src", "{B3214315-592D-4137-A779-AA19ED4E899A}"
EndProject
Project("{2150E333-8FDC-42A3-9474-1A3956D46DE8}") = "Test", "Test", "{07221B38-6CD1-4B35-B591-F8E1D8E61939}"
EndProject
Project("{FAE04EC0-301F-11D3-BF4B-00C04F79EFBC}") = "Complex.Domino.Git.Test", "test\Complex.Domino.Git.Test\Complex.Domino.Git.Test.csproj", "{A4DB1997-4AAE-4543-95B1-30EA04EEE15E}"
EndProject
Global
	GlobalSection(SolutionConfigurationPlatforms) = preSolution
		Debug|Any CPU = Debug|Any CPU
		Release|Any CPU = Release|Any CPU
	EndGlobalSection
	GlobalSection(ProjectConfigurationPlatforms) = postSolution
		{FCAB1DBF-DF10-4DCD-A5D6-2835CCDDAE09}.Debug|Any CPU.ActiveCfg = Debug|Any CPU
		{FCAB1DBF-DF10-4DCD-A5D6-2835CCDDAE09}.Debug|Any CPU.Build.0 = Debug|Any CPU
		{FCAB1DBF-DF10-4DCD-A5D6-2835CCDDAE09}.Release|Any CPU.ActiveCfg = Release|Any CPU
		{FCAB1DBF-DF10-4DCD-A5D6-2835CCDDAE09}.Release|Any CPU.Build.0 = Release|Any CPU
		{A4DB1997-4AAE-4543-95B1-30EA04EEE15E}.Debug|Any CPU.ActiveCfg = Debug|Any CPU
		{A4DB1997-4AAE-4543-95B1-30EA04EEE15E}.Debug|Any CPU.Build.0 = Debug|Any CPU
		{A4DB1997-4AAE-4543-95B1-30EA04EEE15E}.Release|Any CPU.ActiveCfg = Release|Any CPU
		{A4DB1997-4AAE-4543-95B1-30EA04EEE15E}.Release|Any CPU.Build.0 = Release|Any CPU
	EndGlobalSection
	GlobalSection(SolutionProperties) = preSolution
		HideSolutionNode = FALSE
	EndGlobalSection
	GlobalSection(NestedProjects) = preSolution
		{FCAB1DBF-DF10-4DCD-A5D6-2835CCDDAE09} = {B3214315-592D-4137-A779-AA19ED4E899A}
		{A4DB1997-4AAE-4543-95B1-30EA04EEE15E} = {07221B38-6CD1-4B35-B591-F8E1D8E61939}
	EndGlobalSection
EndGlobal
